<?xml version="1.0" encoding="UTF-8" standalone="yes" ?>
<CodeBlocks_project_file>
	<FileVersion major="1" minor="6" />
	<Project>
		<Option title="samplekernel" />
		<Option makefile_is_custom="1" />
		<Option pch_mode="2" />
		<Option compiler="arm_gcc_eabi_cross" />
		<Build>
			<Target title="Default">
				<Option output="samplekernel" prefix_auto="1" extension_auto="1" />
				<Option type="1" />
				<Option compiler="arm_gcc_eabi_cross" />
				<Compiler>
					<Add option="-g" />
				</Compiler>
				<MakeCommands>
					<Build command="$make -f $makefile all" />
					<CompileFile command="$make -f $makefile $file" />
					<Clean command="$make -f $makefile clean" />
					<DistClean command="$make -f $makefile distclean$target" />
					<AskRebuildNeeded command="$make -q -f $makefile all" />
					<SilentBuild command="$make -s -f $makefile all" />
				</MakeCommands>
			</Target>
		</Build>
		<Compiler>
			<Add option="-Wall" />
		</Compiler>
		<Unit filename=".gitignore" />
		<Unit filename="Makefile" />
		<Unit filename="bcm2835.h" />
		<Unit filename="hello.c">
			<Option compilerVar="CC" />
		</Unit>
		<Unit filename="link.ld" />
		<Unit filename="minilibc.c">
			<Option compilerVar="CC" />
		</Unit>
		<Unit filename="minilibc.h" />
		<Unit filename="raspihw.h" />
		<Unit filename="start.S" />
		<Unit filename="uart.c">
			<Option compilerVar="CC" />
		</Unit>
		<Extensions>
			<code_completion />
			<debugger />
			<envvars />
		</Extensions>
	</Project>
</CodeBlocks_project_file>
